
Microsoft Visual Studio Solution File, Format Version 12.00
# Visual Studio Version 16
VisualStudioVersion = 16.0.30204.135
MinimumVisualStudioVersion = 10.0.40219.1
Project("{FAE04EC0-301F-11D3-BF4B-00C04F79EFBC}") = "Client", "Client\Client.csproj", "{AFE7BB52-1307-44E1-9971-1E1BEDA3AF31}"
EndProject
Global
	GlobalSection(SolutionConfigurationPlatforms) = preSolution
		Debug|Any CPU = Debug|Any CPU
		Release|Any CPU = Release|Any CPU
	EndGlobalSection
	GlobalSection(ProjectConfigurationPlatforms) = postSolution
		{AFE7BB52-1307-44E1-9971-1E1BEDA3AF31}.Debug|Any CPU.ActiveCfg = Debug|Any CPU
		{AFE7BB52-1307-44E1-9971-1E1BEDA3AF31}.Debug|Any CPU.Build.0 = Debug|Any CPU
		{AFE7BB52-1307-44E1-9971-1E1BEDA3AF31}.Release|Any CPU.ActiveCfg = Release|Any CPU
		{AFE7BB52-1307-44E1-9971-1E1BEDA3AF31}.Release|Any CPU.Build.0 = Release|Any CPU
	EndGlobalSection
	GlobalSection(SolutionProperties) = preSolution
		HideSolutionNode = FALSE
	EndGlobalSection
	GlobalSection(ExtensibilityGlobals) = postSolution
		SolutionGuid = {7EF4DDDC-F708-4E89-A311-4F933BC4D52A}
	EndGlobalSection
EndGlobal
