
Microsoft Visual Studio Solution File, Format Version 12.00
# Visual Studio Version 16
VisualStudioVersion = 16.0.30204.135
MinimumVisualStudioVersion = 10.0.40219.1
Project("{FAE04EC0-301F-11D3-BF4B-00C04F79EFBC}") = "Console Net", "Console Net\Console Net.csproj", "{433F99ED-3053-4153-9FA8-0B26B3970EDF}"
EndProject
Global
	GlobalSection(SolutionConfigurationPlatforms) = preSolution
		Debug|Any CPU = Debug|Any CPU
		Release|Any CPU = Release|Any CPU
	EndGlobalSection
	GlobalSection(ProjectConfigurationPlatforms) = postSolution
		{433F99ED-3053-4153-9FA8-0B26B3970EDF}.Debug|Any CPU.ActiveCfg = Debug|Any CPU
		{433F99ED-3053-4153-9FA8-0B26B3970EDF}.Debug|Any CPU.Build.0 = Debug|Any CPU
		{433F99ED-3053-4153-9FA8-0B26B3970EDF}.Release|Any CPU.ActiveCfg = Release|Any CPU
		{433F99ED-3053-4153-9FA8-0B26B3970EDF}.Release|Any CPU.Build.0 = Release|Any CPU
	EndGlobalSection
	GlobalSection(SolutionProperties) = preSolution
		HideSolutionNode = FALSE
	EndGlobalSection
	GlobalSection(ExtensibilityGlobals) = postSolution
		SolutionGuid = {AFF0E442-D989-46B7-98B4-3DF1673C34DD}
	EndGlobalSection
EndGlobal
