
Microsoft Visual Studio Solution File, Format Version 12.00
# Visual Studio Version 16
VisualStudioVersion = 16.0.30204.135
MinimumVisualStudioVersion = 10.0.40219.1
Project("{FAE04EC0-301F-11D3-BF4B-00C04F79EFBC}") = "Net", "Net\Net.csproj", "{AA965F7D-5E1F-4B19-8255-5DEDEEA265B9}"
EndProject
Global
	GlobalSection(SolutionConfigurationPlatforms) = preSolution
		Debug|Any CPU = Debug|Any CPU
		Release|Any CPU = Release|Any CPU
	EndGlobalSection
	GlobalSection(ProjectConfigurationPlatforms) = postSolution
		{AA965F7D-5E1F-4B19-8255-5DEDEEA265B9}.Debug|Any CPU.ActiveCfg = Debug|Any CPU
		{AA965F7D-5E1F-4B19-8255-5DEDEEA265B9}.Debug|Any CPU.Build.0 = Debug|Any CPU
		{AA965F7D-5E1F-4B19-8255-5DEDEEA265B9}.Release|Any CPU.ActiveCfg = Release|Any CPU
		{AA965F7D-5E1F-4B19-8255-5DEDEEA265B9}.Release|Any CPU.Build.0 = Release|Any CPU
	EndGlobalSection
	GlobalSection(SolutionProperties) = preSolution
		HideSolutionNode = FALSE
	EndGlobalSection
	GlobalSection(ExtensibilityGlobals) = postSolution
		SolutionGuid = {9277D8E2-694B-4F28-9C3D-1ED59857C93F}
	EndGlobalSection
EndGlobal
